
Microsoft Visual Studio Solution File, Format Version 12.00
# Visual Studio Version 16
VisualStudioVersion = 25.0.1705.5
MinimumVisualStudioVersion = 10.0.40219.1
Project("{FAE04EC0-301F-11D3-BF4B-00C04F79EFBC}") = "ChtGPTHubBuilder", "ChtGPTHubBuilder\ChtGPTHubBuilder.csproj", "{650A1035-D594-4295-87F1-36658DBE16B9}"
EndProject
Global
	GlobalSection(SolutionConfigurationPlatforms) = preSolution
		Debug|Any CPU = Debug|Any CPU
		Release|Any CPU = Release|Any CPU
	EndGlobalSection
	GlobalSection(ProjectConfigurationPlatforms) = postSolution
		{650A1035-D594-4295-87F1-36658DBE16B9}.Debug|Any CPU.ActiveCfg = Debug|Any CPU
		{650A1035-D594-4295-87F1-36658DBE16B9}.Debug|Any CPU.Build.0 = Debug|Any CPU
		{650A1035-D594-4295-87F1-36658DBE16B9}.Release|Any CPU.ActiveCfg = Release|Any CPU
		{650A1035-D594-4295-87F1-36658DBE16B9}.Release|Any CPU.Build.0 = Release|Any CPU
	EndGlobalSection
	GlobalSection(SolutionProperties) = preSolution
		HideSolutionNode = FALSE
	EndGlobalSection
	GlobalSection(ExtensibilityGlobals) = postSolution
		SolutionGuid = {68398F6F-9371-4B28-9C6C-C531A33C581C}
	EndGlobalSection
EndGlobal
